// !$*UTF8*$!
{
	archiveVersion = 1;
	classes = {
	};
	objectVersion = 50;
	objects = {

/* Begin PBXBuildFile section */
		30F6E3C45474D5171E660779 /* Pods_TrainingTask.framework in Frameworks */ = {isa = PBXBuildFile; fileRef = E71645DF89DA9D9AF1B69DAD /* Pods_TrainingTask.framework */; };
		3F31DC0122E4600D00D7AAC9 /* GroupsPostProtocol.swift in Sources */ = {isa = PBXBuildFile; fileRef = 3F31DC0022E4600D00D7AAC9 /* GroupsPostProtocol.swift */; };
		3F31DC0322E4606300D7AAC9 /* PostModel.swift in Sources */ = {isa = PBXBuildFile; fileRef = 3F31DC0222E4606300D7AAC9 /* PostModel.swift */; };
		3F31DC0722E4791600D7AAC9 /* UIImageView.swift in Sources */ = {isa = PBXBuildFile; fileRef = 3F31DC0622E4791600D7AAC9 /* UIImageView.swift */; };
		3FA6B31322E353AE00DA08E8 /* GroupsViewController.swift in Sources */ = {isa = PBXBuildFile; fileRef = 3FA6B31222E353AE00DA08E8 /* GroupsViewController.swift */; };
		3FA6B31522E3544500DA08E8 /* GroupsTableViewCell.swift in Sources */ = {isa = PBXBuildFile; fileRef = 3FA6B31422E3544500DA08E8 /* GroupsTableViewCell.swift */; };
		D7FC92CC14426D68BCBF240C /* BuildFile in Frameworks */ = {isa = PBXBuildFile; };
		ED28224522DCDF0E003F1784 /* AppDelegate.swift in Sources */ = {isa = PBXBuildFile; fileRef = ED28224422DCDF0E003F1784 /* AppDelegate.swift */; };
		ED28224722DCDF0E003F1784 /* LoginViewController.swift in Sources */ = {isa = PBXBuildFile; fileRef = ED28224622DCDF0E003F1784 /* LoginViewController.swift */; };
		ED28224A22DCDF0E003F1784 /* Main.storyboard in Resources */ = {isa = PBXBuildFile; fileRef = ED28224822DCDF0E003F1784 /* Main.storyboard */; };
		ED28224C22DCDF0F003F1784 /* Assets.xcassets in Resources */ = {isa = PBXBuildFile; fileRef = ED28224B22DCDF0F003F1784 /* Assets.xcassets */; };
		ED28224F22DCDF0F003F1784 /* LaunchScreen.storyboard in Resources */ = {isa = PBXBuildFile; fileRef = ED28224D22DCDF0F003F1784 /* LaunchScreen.storyboard */; };
		ED3E12C822DDE81900534EED /* ButtonRounded.swift in Sources */ = {isa = PBXBuildFile; fileRef = ED3E12C722DDE81900534EED /* ButtonRounded.swift */; };
		ED3E12CD22DF16AA00534EED /* WebViewViewController.swift in Sources */ = {isa = PBXBuildFile; fileRef = ED3E12CC22DF16AA00534EED /* WebViewViewController.swift */; };
		ED3E12CF22DF4D3B00534EED /* ParseURL.swift in Sources */ = {isa = PBXBuildFile; fileRef = ED3E12CE22DF4D3B00534EED /* ParseURL.swift */; };
		ED3E12D322E0831F00534EED /* SettingsViewController.swift in Sources */ = {isa = PBXBuildFile; fileRef = ED3E12D222E0831F00534EED /* SettingsViewController.swift */; };
/* End PBXBuildFile section */

/* Begin PBXFileReference section */
		392B5EB580878434B2CD47A0 /* Pods-TrainingTask.debug.xcconfig */ = {isa = PBXFileReference; includeInIndex = 1; lastKnownFileType = text.xcconfig; name = "Pods-TrainingTask.debug.xcconfig"; path = "Pods/Target Support Files/Pods-TrainingTask/Pods-TrainingTask.debug.xcconfig"; sourceTree = "<group>"; };
		3F31DC0022E4600D00D7AAC9 /* GroupsPostProtocol.swift */ = {isa = PBXFileReference; lastKnownFileType = sourcecode.swift; path = GroupsPostProtocol.swift; sourceTree = "<group>"; };
		3F31DC0222E4606300D7AAC9 /* PostModel.swift */ = {isa = PBXFileReference; lastKnownFileType = sourcecode.swift; path = PostModel.swift; sourceTree = "<group>"; };
		3F31DC0622E4791600D7AAC9 /* UIImageView.swift */ = {isa = PBXFileReference; lastKnownFileType = sourcecode.swift; path = UIImageView.swift; sourceTree = "<group>"; };
		3FA6B31222E353AE00DA08E8 /* GroupsViewController.swift */ = {isa = PBXFileReference; lastKnownFileType = sourcecode.swift; path = GroupsViewController.swift; sourceTree = "<group>"; };
		3FA6B31422E3544500DA08E8 /* GroupsTableViewCell.swift */ = {isa = PBXFileReference; lastKnownFileType = sourcecode.swift; path = GroupsTableViewCell.swift; sourceTree = "<group>"; };
		DE89C317A00B81F8B32637B4 /* Pods-TrainingTask.release.xcconfig */ = {isa = PBXFileReference; includeInIndex = 1; lastKnownFileType = text.xcconfig; name = "Pods-TrainingTask.release.xcconfig"; path = "Pods/Target Support Files/Pods-TrainingTask/Pods-TrainingTask.release.xcconfig"; sourceTree = "<group>"; };
		E71645DF89DA9D9AF1B69DAD /* Pods_TrainingTask.framework */ = {isa = PBXFileReference; explicitFileType = wrapper.framework; includeInIndex = 0; path = Pods_TrainingTask.framework; sourceTree = BUILT_PRODUCTS_DIR; };
		ED28224122DCDF0E003F1784 /* TrainingTask.app */ = {isa = PBXFileReference; explicitFileType = wrapper.application; includeInIndex = 0; path = TrainingTask.app; sourceTree = BUILT_PRODUCTS_DIR; };
		ED28224422DCDF0E003F1784 /* AppDelegate.swift */ = {isa = PBXFileReference; lastKnownFileType = sourcecode.swift; path = AppDelegate.swift; sourceTree = "<group>"; };
		ED28224622DCDF0E003F1784 /* LoginViewController.swift */ = {isa = PBXFileReference; lastKnownFileType = sourcecode.swift; path = LoginViewController.swift; sourceTree = "<group>"; };
		ED28224922DCDF0E003F1784 /* Base */ = {isa = PBXFileReference; lastKnownFileType = file.storyboard; name = Base; path = Base.lproj/Main.storyboard; sourceTree = "<group>"; };
		ED28224B22DCDF0F003F1784 /* Assets.xcassets */ = {isa = PBXFileReference; lastKnownFileType = folder.assetcatalog; path = Assets.xcassets; sourceTree = "<group>"; };
		ED28224E22DCDF0F003F1784 /* Base */ = {isa = PBXFileReference; lastKnownFileType = file.storyboard; name = Base; path = Base.lproj/LaunchScreen.storyboard; sourceTree = "<group>"; };
		ED28225022DCDF0F003F1784 /* Info.plist */ = {isa = PBXFileReference; lastKnownFileType = text.plist.xml; path = Info.plist; sourceTree = "<group>"; };
		ED3E12C722DDE81900534EED /* ButtonRounded.swift */ = {isa = PBXFileReference; lastKnownFileType = sourcecode.swift; path = ButtonRounded.swift; sourceTree = "<group>"; };
		ED3E12CC22DF16AA00534EED /* WebViewViewController.swift */ = {isa = PBXFileReference; lastKnownFileType = sourcecode.swift; path = WebViewViewController.swift; sourceTree = "<group>"; };
		ED3E12CE22DF4D3B00534EED /* ParseURL.swift */ = {isa = PBXFileReference; lastKnownFileType = sourcecode.swift; path = ParseURL.swift; sourceTree = "<group>"; };
		ED3E12D222E0831F00534EED /* SettingsViewController.swift */ = {isa = PBXFileReference; lastKnownFileType = sourcecode.swift; path = SettingsViewController.swift; sourceTree = "<group>"; };
/* End PBXFileReference section */

/* Begin PBXFrameworksBuildPhase section */
		ED28223E22DCDF0E003F1784 /* Frameworks */ = {
			isa = PBXFrameworksBuildPhase;
			buildActionMask = 2147483647;
			files = (
				D7FC92CC14426D68BCBF240C /* BuildFile in Frameworks */,
				30F6E3C45474D5171E660779 /* Pods_TrainingTask.framework in Frameworks */,
			);
			runOnlyForDeploymentPostprocessing = 0;
		};
/* End PBXFrameworksBuildPhase section */

/* Begin PBXGroup section */
		45967147724F9583D542DF60 /* Pods */ = {
			isa = PBXGroup;
			children = (
				392B5EB580878434B2CD47A0 /* Pods-TrainingTask.debug.xcconfig */,
				DE89C317A00B81F8B32637B4 /* Pods-TrainingTask.release.xcconfig */,
			);
			name = Pods;
			sourceTree = "<group>";
		};
		902E1BA32AB99B95A0B7C299 /* Frameworks */ = {
			isa = PBXGroup;
			children = (
				E71645DF89DA9D9AF1B69DAD /* Pods_TrainingTask.framework */,
			);
			name = Frameworks;
			sourceTree = "<group>";
		};
		ED28223822DCDF0E003F1784 = {
			isa = PBXGroup;
			children = (
				ED28224322DCDF0E003F1784 /* TrainingTask */,
				ED28224222DCDF0E003F1784 /* Products */,
				902E1BA32AB99B95A0B7C299 /* Frameworks */,
				45967147724F9583D542DF60 /* Pods */,
			);
			sourceTree = "<group>";
		};
		ED28224222DCDF0E003F1784 /* Products */ = {
			isa = PBXGroup;
			children = (
				ED28224122DCDF0E003F1784 /* TrainingTask.app */,
			);
			name = Products;
			sourceTree = "<group>";
		};
		ED28224322DCDF0E003F1784 /* TrainingTask */ = {
			isa = PBXGroup;
			children = (
				ED3E12C622DDE5DD00534EED /* Networking */,
				ED3E12B822DDAF2A00534EED /* UI */,
				ED3E12B722DDAEEC00534EED /* Model */,
				ED3E12C922DDE8B500534EED /* ViewControllers */,
				ED28225622DCDF76003F1784 /* Resource */,
				ED28224422DCDF0E003F1784 /* AppDelegate.swift */,
				ED28224822DCDF0E003F1784 /* Main.storyboard */,
				ED28225022DCDF0F003F1784 /* Info.plist */,
			);
			path = TrainingTask;
			sourceTree = "<group>";
		};
		ED28225622DCDF76003F1784 /* Resource */ = {
			isa = PBXGroup;
			children = (
				ED28224B22DCDF0F003F1784 /* Assets.xcassets */,
				ED28224D22DCDF0F003F1784 /* LaunchScreen.storyboard */,
			);
			path = Resource;
			sourceTree = "<group>";
		};
		ED3E12B722DDAEEC00534EED /* Model */ = {
			isa = PBXGroup;
			children = (
				ED3E12CE22DF4D3B00534EED /* ParseURL.swift */,
				3F31DC0022E4600D00D7AAC9 /* GroupsPostProtocol.swift */,
				3F31DC0222E4606300D7AAC9 /* PostModel.swift */,
				3F31DC0622E4791600D7AAC9 /* UIImageView.swift */,
			);
			path = Model;
			sourceTree = "<group>";
		};
		ED3E12B822DDAF2A00534EED /* UI */ = {
			isa = PBXGroup;
			children = (
				ED3E12C722DDE81900534EED /* ButtonRounded.swift */,
			);
			path = UI;
			sourceTree = "<group>";
		};
		ED3E12C622DDE5DD00534EED /* Networking */ = {
			isa = PBXGroup;
			children = (
			);
			path = Networking;
			sourceTree = "<group>";
		};
		ED3E12C922DDE8B500534EED /* ViewControllers */ = {
			isa = PBXGroup;
			children = (
				ED28224622DCDF0E003F1784 /* LoginViewController.swift */,
				ED3E12CC22DF16AA00534EED /* WebViewViewController.swift */,
				ED3E12D222E0831F00534EED /* SettingsViewController.swift */,
				3FA6B31222E353AE00DA08E8 /* GroupsViewController.swift */,
				3FA6B31422E3544500DA08E8 /* GroupsTableViewCell.swift */,
			);
			path = ViewControllers;
			sourceTree = "<group>";
		};
/* End PBXGroup section */

/* Begin PBXNativeTarget section */
		ED28224022DCDF0E003F1784 /* TrainingTask */ = {
			isa = PBXNativeTarget;
			buildConfigurationList = ED28225322DCDF0F003F1784 /* Build configuration list for PBXNativeTarget "TrainingTask" */;
			buildPhases = (
				F66923B65795E6674E02CEF4 /* [CP] Check Pods Manifest.lock */,
				ED28223D22DCDF0E003F1784 /* Sources */,
				ED28223E22DCDF0E003F1784 /* Frameworks */,
				ED28223F22DCDF0E003F1784 /* Resources */,
				ED3E12B922DDB7E800534EED /* ShellScript */,
				6F73DDF62DA47976BB0214EA /* [CP] Embed Pods Frameworks */,
			);
			buildRules = (
			);
			dependencies = (
			);
			name = TrainingTask;
			productName = TrainingTask;
			productReference = ED28224122DCDF0E003F1784 /* TrainingTask.app */;
			productType = "com.apple.product-type.application";
		};
/* End PBXNativeTarget section */

/* Begin PBXProject section */
		ED28223922DCDF0E003F1784 /* Project object */ = {
			isa = PBXProject;
			attributes = {
				LastSwiftUpdateCheck = 1020;
				LastUpgradeCheck = 1020;
				ORGANIZATIONNAME = "Sosnovsky, Vadim";
				TargetAttributes = {
					ED28224022DCDF0E003F1784 = {
						CreatedOnToolsVersion = 10.2.1;
					};
				};
			};
			buildConfigurationList = ED28223C22DCDF0E003F1784 /* Build configuration list for PBXProject "TrainingTask" */;
			compatibilityVersion = "Xcode 9.3";
			developmentRegion = en;
			hasScannedForEncodings = 0;
			knownRegions = (
				en,
				Base,
			);
			mainGroup = ED28223822DCDF0E003F1784;
			productRefGroup = ED28224222DCDF0E003F1784 /* Products */;
			projectDirPath = "";
			projectRoot = "";
			targets = (
				ED28224022DCDF0E003F1784 /* TrainingTask */,
			);
		};
/* End PBXProject section */

/* Begin PBXResourcesBuildPhase section */
		ED28223F22DCDF0E003F1784 /* Resources */ = {
			isa = PBXResourcesBuildPhase;
			buildActionMask = 2147483647;
			files = (
				ED28224F22DCDF0F003F1784 /* LaunchScreen.storyboard in Resources */,
				ED28224C22DCDF0F003F1784 /* Assets.xcassets in Resources */,
				ED28224A22DCDF0E003F1784 /* Main.storyboard in Resources */,
			);
			runOnlyForDeploymentPostprocessing = 0;
		};
/* End PBXResourcesBuildPhase section */

/* Begin PBXShellScriptBuildPhase section */
		6F73DDF62DA47976BB0214EA /* [CP] Embed Pods Frameworks */ = {
			isa = PBXShellScriptBuildPhase;
			buildActionMask = 2147483647;
			files = (
			);
			inputFileListPaths = (
			);
			inputPaths = (
				"${SRCROOT}/Pods/Target Support Files/Pods-TrainingTask/Pods-TrainingTask-frameworks.sh",
				"${BUILT_PRODUCTS_DIR}/Alamofire/Alamofire.framework",
				"${BUILT_PRODUCTS_DIR}/Locksmith/Locksmith.framework",
				"${BUILT_PRODUCTS_DIR}/SDWebImage/SDWebImage.framework",
				"${BUILT_PRODUCTS_DIR}/SwiftyJSON/SwiftyJSON.framework",
			);
			name = "[CP] Embed Pods Frameworks";
			outputFileListPaths = (
			);
			outputPaths = (
				"${TARGET_BUILD_DIR}/${FRAMEWORKS_FOLDER_PATH}/Alamofire.framework",
				"${TARGET_BUILD_DIR}/${FRAMEWORKS_FOLDER_PATH}/Locksmith.framework",
				"${TARGET_BUILD_DIR}/${FRAMEWORKS_FOLDER_PATH}/SDWebImage.framework",
				"${TARGET_BUILD_DIR}/${FRAMEWORKS_FOLDER_PATH}/SwiftyJSON.framework",
			);
			runOnlyForDeploymentPostprocessing = 0;
			shellPath = /bin/sh;
			shellScript = "\"${SRCROOT}/Pods/Target Support Files/Pods-TrainingTask/Pods-TrainingTask-frameworks.sh\"\n";
			showEnvVarsInLog = 0;
		};
		ED3E12B922DDB7E800534EED /* ShellScript */ = {
			isa = PBXShellScriptBuildPhase;
			buildActionMask = 2147483647;
			files = (
			);
			inputFileListPaths = (
			);
			inputPaths = (
			);
			outputFileListPaths = (
			);
			outputPaths = (
			);
			runOnlyForDeploymentPostprocessing = 0;
			shellPath = /bin/sh;
			shellScript = "\"${PODS_ROOT}/SwiftLint/swiftlint\"\n";
		};
		F66923B65795E6674E02CEF4 /* [CP] Check Pods Manifest.lock */ = {
			isa = PBXShellScriptBuildPhase;
			buildActionMask = 2147483647;
			files = (
			);
			inputFileListPaths = (
			);
			inputPaths = (
				"${PODS_PODFILE_DIR_PATH}/Podfile.lock",
				"${PODS_ROOT}/Manifest.lock",
			);
			name = "[CP] Check Pods Manifest.lock";
			outputFileListPaths = (
			);
			outputPaths = (
				"$(DERIVED_FILE_DIR)/Pods-TrainingTask-checkManifestLockResult.txt",
			);
			runOnlyForDeploymentPostprocessing = 0;
			shellPath = /bin/sh;
			shellScript = "diff \"${PODS_PODFILE_DIR_PATH}/Podfile.lock\" \"${PODS_ROOT}/Manifest.lock\" > /dev/null\nif [ $? != 0 ] ; then\n    # print error to STDERR\n    echo \"error: The sandbox is not in sync with the Podfile.lock. Run 'pod install' or update your CocoaPods installation.\" >&2\n    exit 1\nfi\n# This output is used by Xcode 'outputs' to avoid re-running this script phase.\necho \"SUCCESS\" > \"${SCRIPT_OUTPUT_FILE_0}\"\n";
			showEnvVarsInLog = 0;
		};
/* End PBXShellScriptBuildPhase section */

/* Begin PBXSourcesBuildPhase section */
		ED28223D22DCDF0E003F1784 /* Sources */ = {
			isa = PBXSourcesBuildPhase;
			buildActionMask = 2147483647;
			files = (
				3FA6B31322E353AE00DA08E8 /* GroupsViewController.swift in Sources */,
				3F31DC0322E4606300D7AAC9 /* PostModel.swift in Sources */,
				ED28224722DCDF0E003F1784 /* LoginViewController.swift in Sources */,
				ED3E12C822DDE81900534EED /* ButtonRounded.swift in Sources */,
				ED3E12CD22DF16AA00534EED /* WebViewViewController.swift in Sources */,
				ED28224522DCDF0E003F1784 /* AppDelegate.swift in Sources */,
				3F31DC0722E4791600D7AAC9 /* UIImageView.swift in Sources */,
				ED3E12CF22DF4D3B00534EED /* ParseURL.swift in Sources */,
				ED3E12D322E0831F00534EED /* SettingsViewController.swift in Sources */,
				3FA6B31522E3544500DA08E8 /* GroupsTableViewCell.swift in Sources */,
				3F31DC0122E4600D00D7AAC9 /* GroupsPostProtocol.swift in Sources */,
			);
			runOnlyForDeploymentPostprocessing = 0;
		};
/* End PBXSourcesBuildPhase section */

/* Begin PBXVariantGroup section */
		ED28224822DCDF0E003F1784 /* Main.storyboard */ = {
			isa = PBXVariantGroup;
			children = (
				ED28224922DCDF0E003F1784 /* Base */,
			);
			name = Main.storyboard;
			sourceTree = "<group>";
		};
		ED28224D22DCDF0F003F1784 /* LaunchScreen.storyboard */ = {
			isa = PBXVariantGroup;
			children = (
				ED28224E22DCDF0F003F1784 /* Base */,
			);
			name = LaunchScreen.storyboard;
			sourceTree = "<group>";
		};
/* End PBXVariantGroup section */

/* Begin XCBuildConfiguration section */
		ED28225122DCDF0F003F1784 /* Debug */ = {
			isa = XCBuildConfiguration;
			buildSettings = {
				ALWAYS_SEARCH_USER_PATHS = NO;
				CLANG_ANALYZER_NONNULL = YES;
				CLANG_ANALYZER_NUMBER_OBJECT_CONVERSION = YES_AGGRESSIVE;
				CLANG_CXX_LANGUAGE_STANDARD = "gnu++14";
				CLANG_CXX_LIBRARY = "libc++";
				CLANG_ENABLE_MODULES = YES;
				CLANG_ENABLE_OBJC_ARC = YES;
				CLANG_ENABLE_OBJC_WEAK = YES;
				CLANG_WARN_BLOCK_CAPTURE_AUTORELEASING = YES;
				CLANG_WARN_BOOL_CONVERSION = YES;
				CLANG_WARN_COMMA = YES;
				CLANG_WARN_CONSTANT_CONVERSION = YES;
				CLANG_WARN_DEPRECATED_OBJC_IMPLEMENTATIONS = YES;
				CLANG_WARN_DIRECT_OBJC_ISA_USAGE = YES_ERROR;
				CLANG_WARN_DOCUMENTATION_COMMENTS = YES;
				CLANG_WARN_EMPTY_BODY = YES;
				CLANG_WARN_ENUM_CONVERSION = YES;
				CLANG_WARN_INFINITE_RECURSION = YES;
				CLANG_WARN_INT_CONVERSION = YES;
				CLANG_WARN_NON_LITERAL_NULL_CONVERSION = YES;
				CLANG_WARN_OBJC_IMPLICIT_RETAIN_SELF = YES;
				CLANG_WARN_OBJC_LITERAL_CONVERSION = YES;
				CLANG_WARN_OBJC_ROOT_CLASS = YES_ERROR;
				CLANG_WARN_RANGE_LOOP_ANALYSIS = YES;
				CLANG_WARN_STRICT_PROTOTYPES = YES;
				CLANG_WARN_SUSPICIOUS_MOVE = YES;
				CLANG_WARN_UNGUARDED_AVAILABILITY = YES_AGGRESSIVE;
				CLANG_WARN_UNREACHABLE_CODE = YES;
				CLANG_WARN__DUPLICATE_METHOD_MATCH = YES;
				CODE_SIGN_IDENTITY = "iPhone Developer";
				COPY_PHASE_STRIP = NO;
				DEBUG_INFORMATION_FORMAT = dwarf;
				ENABLE_STRICT_OBJC_MSGSEND = YES;
				ENABLE_TESTABILITY = YES;
				GCC_C_LANGUAGE_STANDARD = gnu11;
				GCC_DYNAMIC_NO_PIC = NO;
				GCC_NO_COMMON_BLOCKS = YES;
				GCC_OPTIMIZATION_LEVEL = 0;
				GCC_PREPROCESSOR_DEFINITIONS = (
					"DEBUG=1",
					"$(inherited)",
				);
				GCC_WARN_64_TO_32_BIT_CONVERSION = YES;
				GCC_WARN_ABOUT_RETURN_TYPE = YES_ERROR;
				GCC_WARN_UNDECLARED_SELECTOR = YES;
				GCC_WARN_UNINITIALIZED_AUTOS = YES_AGGRESSIVE;
				GCC_WARN_UNUSED_FUNCTION = YES;
				GCC_WARN_UNUSED_VARIABLE = YES;
				IPHONEOS_DEPLOYMENT_TARGET = 12.2;
				MTL_ENABLE_DEBUG_INFO = INCLUDE_SOURCE;
				MTL_FAST_MATH = YES;
				ONLY_ACTIVE_ARCH = YES;
				SDKROOT = iphoneos;
				SWIFT_ACTIVE_COMPILATION_CONDITIONS = DEBUG;
				SWIFT_OPTIMIZATION_LEVEL = "-Onone";
			};
			name = Debug;
		};
		ED28225222DCDF0F003F1784 /* Release */ = {
			isa = XCBuildConfiguration;
			buildSettings = {
				ALWAYS_SEARCH_USER_PATHS = NO;
				CLANG_ANALYZER_NONNULL = YES;
				CLANG_ANALYZER_NUMBER_OBJECT_CONVERSION = YES_AGGRESSIVE;
				CLANG_CXX_LANGUAGE_STANDARD = "gnu++14";
				CLANG_CXX_LIBRARY = "libc++";
				CLANG_ENABLE_MODULES = YES;
				CLANG_ENABLE_OBJC_ARC = YES;
				CLANG_ENABLE_OBJC_WEAK = YES;
				CLANG_WARN_BLOCK_CAPTURE_AUTORELEASING = YES;
				CLANG_WARN_BOOL_CONVERSION = YES;
				CLANG_WARN_COMMA = YES;
				CLANG_WARN_CONSTANT_CONVERSION = YES;
				CLANG_WARN_DEPRECATED_OBJC_IMPLEMENTATIONS = YES;
				CLANG_WARN_DIRECT_OBJC_ISA_USAGE = YES_ERROR;
				CLANG_WARN_DOCUMENTATION_COMMENTS = YES;
				CLANG_WARN_EMPTY_BODY = YES;
				CLANG_WARN_ENUM_CONVERSION = YES;
				CLANG_WARN_INFINITE_RECURSION = YES;
				CLANG_WARN_INT_CONVERSION = YES;
				CLANG_WARN_NON_LITERAL_NULL_CONVERSION = YES;
				CLANG_WARN_OBJC_IMPLICIT_RETAIN_SELF = YES;
				CLANG_WARN_OBJC_LITERAL_CONVERSION = YES;
				CLANG_WARN_OBJC_ROOT_CLASS = YES_ERROR;
				CLANG_WARN_RANGE_LOOP_ANALYSIS = YES;
				CLANG_WARN_STRICT_PROTOTYPES = YES;
				CLANG_WARN_SUSPICIOUS_MOVE = YES;
				CLANG_WARN_UNGUARDED_AVAILABILITY = YES_AGGRESSIVE;
				CLANG_WARN_UNREACHABLE_CODE = YES;
				CLANG_WARN__DUPLICATE_METHOD_MATCH = YES;
				CODE_SIGN_IDENTITY = "iPhone Developer";
				COPY_PHASE_STRIP = NO;
				DEBUG_INFORMATION_FORMAT = "dwarf-with-dsym";
				ENABLE_NS_ASSERTIONS = NO;
				ENABLE_STRICT_OBJC_MSGSEND = YES;
				GCC_C_LANGUAGE_STANDARD = gnu11;
				GCC_NO_COMMON_BLOCKS = YES;
				GCC_WARN_64_TO_32_BIT_CONVERSION = YES;
				GCC_WARN_ABOUT_RETURN_TYPE = YES_ERROR;
				GCC_WARN_UNDECLARED_SELECTOR = YES;
				GCC_WARN_UNINITIALIZED_AUTOS = YES_AGGRESSIVE;
				GCC_WARN_UNUSED_FUNCTION = YES;
				GCC_WARN_UNUSED_VARIABLE = YES;
				IPHONEOS_DEPLOYMENT_TARGET = 12.2;
				MTL_ENABLE_DEBUG_INFO = NO;
				MTL_FAST_MATH = YES;
				SDKROOT = iphoneos;
				SWIFT_COMPILATION_MODE = wholemodule;
				SWIFT_OPTIMIZATION_LEVEL = "-O";
				VALIDATE_PRODUCT = YES;
			};
			name = Release;
		};
		ED28225422DCDF0F003F1784 /* Debug */ = {
			isa = XCBuildConfiguration;
			baseConfigurationReference = 392B5EB580878434B2CD47A0 /* Pods-TrainingTask.debug.xcconfig */;
			buildSettings = {
				ASSETCATALOG_COMPILER_APPICON_NAME = AppIcon;
				CODE_SIGN_STYLE = Automatic;
				DEVELOPMENT_TEAM = 9YKCHYY383;
				INFOPLIST_FILE = TrainingTask/Info.plist;
				LD_RUNPATH_SEARCH_PATHS = (
					"$(inherited)",
					"@executable_path/Frameworks",
				);
				PRODUCT_BUNDLE_IDENTIFIER = VS.TrainingTask;
				PRODUCT_NAME = "$(TARGET_NAME)";
				SWIFT_VERSION = 5.0;
				TARGETED_DEVICE_FAMILY = "1,2";
			};
			name = Debug;
		};
		ED28225522DCDF0F003F1784 /* Release */ = {
			isa = XCBuildConfiguration;
			baseConfigurationReference = DE89C317A00B81F8B32637B4 /* Pods-TrainingTask.release.xcconfig */;
			buildSettings = {
				ASSETCATALOG_COMPILER_APPICON_NAME = AppIcon;
				CODE_SIGN_STYLE = Automatic;
				DEVELOPMENT_TEAM = 9YKCHYY383;
				INFOPLIST_FILE = TrainingTask/Info.plist;
				LD_RUNPATH_SEARCH_PATHS = (
					"$(inherited)",
					"@executable_path/Frameworks",
				);
				PRODUCT_BUNDLE_IDENTIFIER = VS.TrainingTask;
				PRODUCT_NAME = "$(TARGET_NAME)";
				SWIFT_VERSION = 5.0;
				TARGETED_DEVICE_FAMILY = "1,2";
			};
			name = Release;
		};
/* End XCBuildConfiguration section */

/* Begin XCConfigurationList section */
		ED28223C22DCDF0E003F1784 /* Build configuration list for PBXProject "TrainingTask" */ = {
			isa = XCConfigurationList;
			buildConfigurations = (
				ED28225122DCDF0F003F1784 /* Debug */,
				ED28225222DCDF0F003F1784 /* Release */,
			);
			defaultConfigurationIsVisible = 0;
			defaultConfigurationName = Release;
		};
		ED28225322DCDF0F003F1784 /* Build configuration list for PBXNativeTarget "TrainingTask" */ = {
			isa = XCConfigurationList;
			buildConfigurations = (
				ED28225422DCDF0F003F1784 /* Debug */,
				ED28225522DCDF0F003F1784 /* Release */,
			);
			defaultConfigurationIsVisible = 0;
			defaultConfigurationName = Release;
		};
/* End XCConfigurationList section */
	};
	rootObject = ED28223922DCDF0E003F1784 /* Project object */;
}
