PODS:
  - Alamofire (4.8.2)
  - OAuthSwift (2.0.0)
  - OAuthSwiftAlamofire (0.2.0):
    - Alamofire
    - OAuthSwift
  - p2.OAuth2 (4.2.0)
  - SwiftLint (0.33.1)

DEPENDENCIES:
  - OAuthSwiftAlamofire
  - p2.OAuth2 (~> 4.2)
  - SwiftLint

SPEC REPOS:
  https://github.com/cocoapods/specs.git:
    - Alamofire
    - OAuthSwift
    - OAuthSwiftAlamofire
    - p2.OAuth2
    - SwiftLint

SPEC CHECKSUMS:
  Alamofire: ae5c501addb7afdbb13687d7f2f722c78734c2d3
  OAuthSwift: 6805456763cf1c7ae0c16765257ed430b7aacae7
  OAuthSwiftAlamofire: e51f11ff579dd4293bfe2a1a24c658caad4dac35
  p2.OAuth2: d5ea9b928fc5d10d088d419db6f3380578b6f866
  SwiftLint: 9fc1143bbacec37f94994a7d0d2a85b2154b6294

PODFILE CHECKSUM: 68024f5dd22bb8e3225726e5abc419f341f4f94b

COCOAPODS: 1.7.4
