PODS:
  - Alamofire (5.0.0-beta.7)
  - KeychainSwift (16.0.1)
  - Locksmith (4.0.0)
  - Realm (3.17.3):
    - Realm/Headers (= 3.17.3)
  - Realm/Headers (3.17.3)
  - RealmSwift (3.17.3):
    - Realm (= 3.17.3)
  - SDWebImage (5.0.6):
    - SDWebImage/Core (= 5.0.6)
  - SDWebImage/Core (5.0.6)
  - SwiftLint (0.34.0)
  - SwiftyJSON (4.3.0)

DEPENDENCIES:
  - Alamofire (~> 5.0.0-beta.5)
  - KeychainSwift (~> 16.0)
  - Locksmith
  - RealmSwift
  - SDWebImage (~> 5.0)
  - SwiftLint
  - SwiftyJSON (~> 4.0)

SPEC REPOS:
  https://github.com/cocoapods/specs.git:
    - Alamofire
    - KeychainSwift
    - Locksmith
    - Realm
    - RealmSwift
    - SDWebImage
    - SwiftLint
    - SwiftyJSON

SPEC CHECKSUMS:
  Alamofire: bd07938ceecad59d2492aeecb1f785a8f2721160
  KeychainSwift: 4209611373ca4a098e09b1e547eebd87c544dcc4
  Locksmith: e9bebbaaa4cee3c511bc358a44f843c3fe00e21f
  Realm: 5a1d9d47bfc101dd597668b1a8af4288a2557f6d
  RealmSwift: b7fdc2d18616621c31df5c7a398a45a2163f8eb0
  SDWebImage: 920f1a2ff1ca8296ad34f6e0510a1ef1d70ac965
  SwiftLint: 79d48a17c6565dc286c37efb8322c7b450f95c67
  SwiftyJSON: 6faa0040f8b59dead0ee07436cbf76b73c08fd08

PODFILE CHECKSUM: c4e0ad171eff7c406bb09fe48d017bbb2d58c350

COCOAPODS: 1.5.3
